{
  "name": "jwk-gen",
  "version": "1.0.0",
  "lockfileVersion": 1,
  "requires": true,
  "dependencies": {
    "jose": {
      "version": "4.11.1",
      "resolved": "https://registry.npmjs.org/jose/-/jose-4.11.1.tgz",
      "integrity": "sha512-YRv4Tk/Wlug8qicwqFNFVEZSdbROCHRAC6qu/i0dyNKr5JQdoa2pIGoS04lLO/jXQX7Z9omoNewYIVIxqZBd9Q=="
    }
  }
}
